
Microsoft Visual Studio Solution File, Format Version 12.00
# Visual Studio Version 17
VisualStudioVersion = 17.10.35027.167
MinimumVisualStudioVersion = 10.0.40219.1
Project("{FAE04EC0-301F-11D3-BF4B-00C04F79EFBC}") = "NArchitecture.Core", "NArchitecture.Core\NArchitecture.Core.csproj", "{27B20BE3-E9ED-4C04-876B-CA76665ACE0B}"
EndProject
Project("{FAE04EC0-301F-11D3-BF4B-00C04F79EFBC}") = "NArchitecture.Data", "NArchitecture.Data\NArchitecture.Data.csproj", "{81BC6D09-C7B9-49D5-A980-8D2F951DB501}"
EndProject
Project("{FAE04EC0-301F-11D3-BF4B-00C04F79EFBC}") = "NArchitecture.Service", "NArchitecture.Service\NArchitecture.Service.csproj", "{01631D66-91FD-41D0-940C-BA4107C57D2A}"
EndProject
Project("{FAE04EC0-301F-11D3-BF4B-00C04F79EFBC}") = "NArchitecture.API", "NArchitecture.API\NArchitecture.API.csproj", "{B97AB273-F3F1-4CB7-9A53-E272C5BFE505}"
EndProject
Global
	GlobalSection(SolutionConfigurationPlatforms) = preSolution
		Debug|Any CPU = Debug|Any CPU
		Release|Any CPU = Release|Any CPU
	EndGlobalSection
	GlobalSection(ProjectConfigurationPlatforms) = postSolution
		{27B20BE3-E9ED-4C04-876B-CA76665ACE0B}.Debug|Any CPU.ActiveCfg = Debug|Any CPU
		{27B20BE3-E9ED-4C04-876B-CA76665ACE0B}.Debug|Any CPU.Build.0 = Debug|Any CPU
		{27B20BE3-E9ED-4C04-876B-CA76665ACE0B}.Release|Any CPU.ActiveCfg = Release|Any CPU
		{27B20BE3-E9ED-4C04-876B-CA76665ACE0B}.Release|Any CPU.Build.0 = Release|Any CPU
		{81BC6D09-C7B9-49D5-A980-8D2F951DB501}.Debug|Any CPU.ActiveCfg = Debug|Any CPU
		{81BC6D09-C7B9-49D5-A980-8D2F951DB501}.Debug|Any CPU.Build.0 = Debug|Any CPU
		{81BC6D09-C7B9-49D5-A980-8D2F951DB501}.Release|Any CPU.ActiveCfg = Release|Any CPU
		{81BC6D09-C7B9-49D5-A980-8D2F951DB501}.Release|Any CPU.Build.0 = Release|Any CPU
		{01631D66-91FD-41D0-940C-BA4107C57D2A}.Debug|Any CPU.ActiveCfg = Debug|Any CPU
		{01631D66-91FD-41D0-940C-BA4107C57D2A}.Debug|Any CPU.Build.0 = Debug|Any CPU
		{01631D66-91FD-41D0-940C-BA4107C57D2A}.Release|Any CPU.ActiveCfg = Release|Any CPU
		{01631D66-91FD-41D0-940C-BA4107C57D2A}.Release|Any CPU.Build.0 = Release|Any CPU
		{B97AB273-F3F1-4CB7-9A53-E272C5BFE505}.Debug|Any CPU.ActiveCfg = Debug|Any CPU
		{B97AB273-F3F1-4CB7-9A53-E272C5BFE505}.Debug|Any CPU.Build.0 = Debug|Any CPU
		{B97AB273-F3F1-4CB7-9A53-E272C5BFE505}.Release|Any CPU.ActiveCfg = Release|Any CPU
		{B97AB273-F3F1-4CB7-9A53-E272C5BFE505}.Release|Any CPU.Build.0 = Release|Any CPU
	EndGlobalSection
	GlobalSection(SolutionProperties) = preSolution
		HideSolutionNode = FALSE
	EndGlobalSection
	GlobalSection(ExtensibilityGlobals) = postSolution
		SolutionGuid = {848FDF31-5E39-4149-8086-49E3A9F8AAB3}
	EndGlobalSection
EndGlobal
